Aloxaf/fzf-tab                          24105b15714bfec37989ed5c5b6e60f572253019
kutsan/zsh-system-clipboard             5f1d497ee3c215a967c0e6b9a772e73c40332d52
zsh-users/zsh-autosuggestions           85919cd1ffa7d2d5412f6d3fe437ebdbeeec4fc5
zsh-users/zsh-completions               bf2c5393295fe82d74e3b4585baa483722653ab8
zsh-users/zsh-history-substring-search  14c8d2e0ffaee98f2df9850b19944f32546fdea5
zsh-users/zsh-syntax-highlighting       c4d95591843d49838b7ad30081e7aba3135a6703
