Aloxaf/fzf-tab                          24105b15714bfec37989ed5c5b6e60f572253019
kutsan/zsh-system-clipboard             5f1d497ee3c215a967c0e6b9a772e73c40332d52
zsh-users/zsh-autosuggestions           85919cd1ffa7d2d5412f6d3fe437ebdbeeec4fc5
zsh-users/zsh-completions               8cd3bd78e8b1f17271cfdd8269074e5557d8d7b8
zsh-users/zsh-history-substring-search  14c8d2e0ffaee98f2df9850b19944f32546fdea5
zsh-users/zsh-syntax-highlighting       2fc57d63067c18b1100ecdbf684fa5baf49459d1
